// !$*UTF8*$!
{
	archiveVersion = 1;
	classes = {
	};
	objectVersion = 50;
	objects = {

/* Begin PBXBuildFile section */
		F52211D4256A94B90017F9B7 /* TimeVD.swift in Sources */ = {isa = PBXBuildFile; fileRef = F52211D3256A94B90017F9B7 /* TimeVD.swift */; };
		F5D7081C251F5DD400344AF7 /* AppDelegate.swift in Sources */ = {isa = PBXBuildFile; fileRef = F5D7081B251F5DD400344AF7 /* AppDelegate.swift */; };
		F5D7081E251F5DD400344AF7 /* SceneDelegate.swift in Sources */ = {isa = PBXBuildFile; fileRef = F5D7081D251F5DD400344AF7 /* SceneDelegate.swift */; };
		F5D70820251F5DD400344AF7 /* ViewController.swift in Sources */ = {isa = PBXBuildFile; fileRef = F5D7081F251F5DD400344AF7 /* ViewController.swift */; };
		F5D70823251F5DD400344AF7 /* Main.storyboard in Resources */ = {isa = PBXBuildFile; fileRef = F5D70821251F5DD400344AF7 /* Main.storyboard */; };
		F5D70825251F5DDC00344AF7 /* Assets.xcassets in Resources */ = {isa = PBXBuildFile; fileRef = F5D70824251F5DDC00344AF7 /* Assets.xcassets */; };
		F5D70828251F5DDC00344AF7 /* LaunchScreen.storyboard in Resources */ = {isa = PBXBuildFile; fileRef = F5D70826251F5DDC00344AF7 /* LaunchScreen.storyboard */; };
/* End PBXBuildFile section */

/* Begin PBXFileReference section */
		F52211D3256A94B90017F9B7 /* TimeVD.swift */ = {isa = PBXFileReference; lastKnownFileType = sourcecode.swift; path = TimeVD.swift; sourceTree = "<group>"; };
		F5D70818251F5DD400344AF7 /* labs.app */ = {isa = PBXFileReference; explicitFileType = wrapper.application; includeInIndex = 0; path = labs.app; sourceTree = BUILT_PRODUCTS_DIR; };
		F5D7081B251F5DD400344AF7 /* AppDelegate.swift */ = {isa = PBXFileReference; lastKnownFileType = sourcecode.swift; path = AppDelegate.swift; sourceTree = "<group>"; };
		F5D7081D251F5DD400344AF7 /* SceneDelegate.swift */ = {isa = PBXFileReference; lastKnownFileType = sourcecode.swift; path = SceneDelegate.swift; sourceTree = "<group>"; };
		F5D7081F251F5DD400344AF7 /* ViewController.swift */ = {isa = PBXFileReference; lastKnownFileType = sourcecode.swift; path = ViewController.swift; sourceTree = "<group>"; };
		F5D70822251F5DD400344AF7 /* Base */ = {isa = PBXFileReference; lastKnownFileType = file.storyboard; name = Base; path = Base.lproj/Main.storyboard; sourceTree = "<group>"; };
		F5D70824251F5DDC00344AF7 /* Assets.xcassets */ = {isa = PBXFileReference; lastKnownFileType = folder.assetcatalog; path = Assets.xcassets; sourceTree = "<group>"; };
		F5D70827251F5DDC00344AF7 /* Base */ = {isa = PBXFileReference; lastKnownFileType = file.storyboard; name = Base; path = Base.lproj/LaunchScreen.storyboard; sourceTree = "<group>"; };
		F5D70829251F5DDC00344AF7 /* Info.plist */ = {isa = PBXFileReference; lastKnownFileType = text.plist.xml; path = Info.plist; sourceTree = "<group>"; };
/* End PBXFileReference section */

/* Begin PBXFrameworksBuildPhase section */
		F5D70815251F5DD400344AF7 /* Frameworks */ = {
			isa = PBXFrameworksBuildPhase;
			buildActionMask = 2147483647;
			files = (
			);
			runOnlyForDeploymentPostprocessing = 0;
		};
/* End PBXFrameworksBuildPhase section */

/* Begin PBXGroup section */
		F5D7080F251F5DD400344AF7 = {
			isa = PBXGroup;
			children = (
				F5D7081A251F5DD400344AF7 /* labs */,
				F5D70819251F5DD400344AF7 /* Products */,
			);
			sourceTree = "<group>";
		};
		F5D70819251F5DD400344AF7 /* Products */ = {
			isa = PBXGroup;
			children = (
				F5D70818251F5DD400344AF7 /* labs.app */,
			);
			name = Products;
			sourceTree = "<group>";
		};
		F5D7081A251F5DD400344AF7 /* labs */ = {
			isa = PBXGroup;
			children = (
				F5D7081B251F5DD400344AF7 /* AppDelegate.swift */,
				F5D7081D251F5DD400344AF7 /* SceneDelegate.swift */,
				F5D7081F251F5DD400344AF7 /* ViewController.swift */,
				F5D70821251F5DD400344AF7 /* Main.storyboard */,
				F5D70824251F5DDC00344AF7 /* Assets.xcassets */,
				F5D70826251F5DDC00344AF7 /* LaunchScreen.storyboard */,
				F5D70829251F5DDC00344AF7 /* Info.plist */,
				F52211D3256A94B90017F9B7 /* TimeVD.swift */,
			);
			path = labs;
			sourceTree = "<group>";
		};
/* End PBXGroup section */

/* Begin PBXNativeTarget section */
		F5D70817251F5DD400344AF7 /* labs */ = {
			isa = PBXNativeTarget;
			buildConfigurationList = F5D7082C251F5DDC00344AF7 /* Build configuration list for PBXNativeTarget "labs" */;
			buildPhases = (
				F5D70814251F5DD400344AF7 /* Sources */,
				F5D70815251F5DD400344AF7 /* Frameworks */,
				F5D70816251F5DD400344AF7 /* Resources */,
			);
			buildRules = (
			);
			dependencies = (
			);
			name = labs;
			productName = labs;
			productReference = F5D70818251F5DD400344AF7 /* labs.app */;
			productType = "com.apple.product-type.application";
		};
/* End PBXNativeTarget section */

/* Begin PBXProject section */
		F5D70810251F5DD400344AF7 /* Project object */ = {
			isa = PBXProject;
			attributes = {
				LastSwiftUpdateCheck = 1220;
				LastUpgradeCheck = 1220;
				TargetAttributes = {
					F5D70817251F5DD400344AF7 = {
						CreatedOnToolsVersion = 12.2;
					};
				};
			};
			buildConfigurationList = F5D70813251F5DD400344AF7 /* Build configuration list for PBXProject "labs" */;
			compatibilityVersion = "Xcode 9.3";
			developmentRegion = en;
			hasScannedForEncodings = 0;
			knownRegions = (
				en,
				Base,
			);
			mainGroup = F5D7080F251F5DD400344AF7;
			productRefGroup = F5D70819251F5DD400344AF7 /* Products */;
			projectDirPath = "";
			projectRoot = "";
			targets = (
				F5D70817251F5DD400344AF7 /* labs */,
			);
		};
/* End PBXProject section */

/* Begin PBXResourcesBuildPhase section */
		F5D70816251F5DD400344AF7 /* Resources */ = {
			isa = PBXResourcesBuildPhase;
			buildActionMask = 2147483647;
			files = (
				F5D70828251F5DDC00344AF7 /* LaunchScreen.storyboard in Resources */,
				F5D70825251F5DDC00344AF7 /* Assets.xcassets in Resources */,
				F5D70823251F5DD400344AF7 /* Main.storyboard in Resources */,
			);
			runOnlyForDeploymentPostprocessing = 0;
		};
/* End PBXResourcesBuildPhase section */

/* Begin PBXSourcesBuildPhase section */
		F5D70814251F5DD400344AF7 /* Sources */ = {
			isa = PBXSourcesBuildPhase;
			buildActionMask = 2147483647;
			files = (
				F52211D4256A94B90017F9B7 /* TimeVD.swift in Sources */,
				F5D70820251F5DD400344AF7 /* ViewController.swift in Sources */,
				F5D7081C251F5DD400344AF7 /* AppDelegate.swift in Sources */,
				F5D7081E251F5DD400344AF7 /* SceneDelegate.swift in Sources */,
			);
			runOnlyForDeploymentPostprocessing = 0;
		};
/* End PBXSourcesBuildPhase section */

/* Begin PBXVariantGroup section */
		F5D70821251F5DD400344AF7 /* Main.storyboard */ = {
			isa = PBXVariantGroup;
			children = (
				F5D70822251F5DD400344AF7 /* Base */,
			);
			name = Main.storyboard;
			sourceTree = "<group>";
		};
		F5D70826251F5DDC00344AF7 /* LaunchScreen.storyboard */ = {
			isa = PBXVariantGroup;
			children = (
				F5D70827251F5DDC00344AF7 /* Base */,
			);
			name = LaunchScreen.storyboard;
			sourceTree = "<group>";
		};
/* End PBXVariantGroup section */

/* Begin XCBuildConfiguration section */
		F5D7082A251F5DDC00344AF7 /* Debug */ = {
			isa = XCBuildConfiguration;
			buildSettings = {
				ALWAYS_SEARCH_USER_PATHS = NO;
				CLANG_ANALYZER_NONNULL = YES;
				CLANG_ANALYZER_NUMBER_OBJECT_CONVERSION = YES_AGGRESSIVE;
				CLANG_CXX_LANGUAGE_STANDARD = "gnu++14";
				CLANG_CXX_LIBRARY = "libc++";
				CLANG_ENABLE_MODULES = YES;
				CLANG_ENABLE_OBJC_ARC = YES;
				CLANG_ENABLE_OBJC_WEAK = YES;
				CLANG_WARN_BLOCK_CAPTURE_AUTORELEASING = YES;
				CLANG_WARN_BOOL_CONVERSION = YES;
				CLANG_WARN_COMMA = YES;
				CLANG_WARN_CONSTANT_CONVERSION = YES;
				CLANG_WARN_DEPRECATED_OBJC_IMPLEMENTATIONS = YES;
				CLANG_WARN_DIRECT_OBJC_ISA_USAGE = YES_ERROR;
				CLANG_WARN_DOCUMENTATION_COMMENTS = YES;
				CLANG_WARN_EMPTY_BODY = YES;
				CLANG_WARN_ENUM_CONVERSION = YES;
				CLANG_WARN_INFINITE_RECURSION = YES;
				CLANG_WARN_INT_CONVERSION = YES;
				CLANG_WARN_NON_LITERAL_NULL_CONVERSION = YES;
				CLANG_WARN_OBJC_IMPLICIT_RETAIN_SELF = YES;
				CLANG_WARN_OBJC_LITERAL_CONVERSION = YES;
				CLANG_WARN_OBJC_ROOT_CLASS = YES_ERROR;
				CLANG_WARN_QUOTED_INCLUDE_IN_FRAMEWORK_HEADER = YES;
				CLANG_WARN_RANGE_LOOP_ANALYSIS = YES;
				CLANG_WARN_STRICT_PROTOTYPES = YES;
				CLANG_WARN_SUSPICIOUS_MOVE = YES;
				CLANG_WARN_UNGUARDED_AVAILABILITY = YES_AGGRESSIVE;
				CLANG_WARN_UNREACHABLE_CODE = YES;
				CLANG_WARN__DUPLICATE_METHOD_MATCH = YES;
				COPY_PHASE_STRIP = NO;
				DEBUG_INFORMATION_FORMAT = dwarf;
				ENABLE_STRICT_OBJC_MSGSEND = YES;
				ENABLE_TESTABILITY = YES;
				GCC_C_LANGUAGE_STANDARD = gnu11;
				GCC_DYNAMIC_NO_PIC = NO;
				GCC_NO_COMMON_BLOCKS = YES;
				GCC_OPTIMIZATION_LEVEL = 0;
				GCC_PREPROCESSOR_DEFINITIONS = (
					"DEBUG=1",
					"$(inherited)",
				);
				GCC_WARN_64_TO_32_BIT_CONVERSION = YES;
				GCC_WARN_ABOUT_RETURN_TYPE = YES_ERROR;
				GCC_WARN_UNDECLARED_SELECTOR = YES;
				GCC_WARN_UNINITIALIZED_AUTOS = YES_AGGRESSIVE;
				GCC_WARN_UNUSED_FUNCTION = YES;
				GCC_WARN_UNUSED_VARIABLE = YES;
				IPHONEOS_DEPLOYMENT_TARGET = 11.0;
				MTL_ENABLE_DEBUG_INFO = INCLUDE_SOURCE;
				MTL_FAST_MATH = YES;
				ONLY_ACTIVE_ARCH = YES;
				SDKROOT = iphoneos;
				SWIFT_ACTIVE_COMPILATION_CONDITIONS = DEBUG;
				SWIFT_OPTIMIZATION_LEVEL = "-Onone";
			};
			name = Debug;
		};
		F5D7082B251F5DDC00344AF7 /* Release */ = {
			isa = XCBuildConfiguration;
			buildSettings = {
				ALWAYS_SEARCH_USER_PATHS = NO;
				CLANG_ANALYZER_NONNULL = YES;
				CLANG_ANALYZER_NUMBER_OBJECT_CONVERSION = YES_AGGRESSIVE;
				CLANG_CXX_LANGUAGE_STANDARD = "gnu++14";
				CLANG_CXX_LIBRARY = "libc++";
				CLANG_ENABLE_MODULES = YES;
				CLANG_ENABLE_OBJC_ARC = YES;
				CLANG_ENABLE_OBJC_WEAK = YES;
				CLANG_WARN_BLOCK_CAPTURE_AUTORELEASING = YES;
				CLANG_WARN_BOOL_CONVERSION = YES;
				CLANG_WARN_COMMA = YES;
				CLANG_WARN_CONSTANT_CONVERSION = YES;
				CLANG_WARN_DEPRECATED_OBJC_IMPLEMENTATIONS = YES;
				CLANG_WARN_DIRECT_OBJC_ISA_USAGE = YES_ERROR;
				CLANG_WARN_DOCUMENTATION_COMMENTS = YES;
				CLANG_WARN_EMPTY_BODY = YES;
				CLANG_WARN_ENUM_CONVERSION = YES;
				CLANG_WARN_INFINITE_RECURSION = YES;
				CLANG_WARN_INT_CONVERSION = YES;
				CLANG_WARN_NON_LITERAL_NULL_CONVERSION = YES;
				CLANG_WARN_OBJC_IMPLICIT_RETAIN_SELF = YES;
				CLANG_WARN_OBJC_LITERAL_CONVERSION = YES;
				CLANG_WARN_OBJC_ROOT_CLASS = YES_ERROR;
				CLANG_WARN_QUOTED_INCLUDE_IN_FRAMEWORK_HEADER = YES;
				CLANG_WARN_RANGE_LOOP_ANALYSIS = YES;
				CLANG_WARN_STRICT_PROTOTYPES = YES;
				CLANG_WARN_SUSPICIOUS_MOVE = YES;
				CLANG_WARN_UNGUARDED_AVAILABILITY = YES_AGGRESSIVE;
				CLANG_WARN_UNREACHABLE_CODE = YES;
				CLANG_WARN__DUPLICATE_METHOD_MATCH = YES;
				COPY_PHASE_STRIP = NO;
				DEBUG_INFORMATION_FORMAT = "dwarf-with-dsym";
				ENABLE_NS_ASSERTIONS = NO;
				ENABLE_STRICT_OBJC_MSGSEND = YES;
				GCC_C_LANGUAGE_STANDARD = gnu11;
				GCC_NO_COMMON_BLOCKS = YES;
				GCC_WARN_64_TO_32_BIT_CONVERSION = YES;
				GCC_WARN_ABOUT_RETURN_TYPE = YES_ERROR;
				GCC_WARN_UNDECLARED_SELECTOR = YES;
				GCC_WARN_UNINITIALIZED_AUTOS = YES_AGGRESSIVE;
				GCC_WARN_UNUSED_FUNCTION = YES;
				GCC_WARN_UNUSED_VARIABLE = YES;
				IPHONEOS_DEPLOYMENT_TARGET = 11.0;
				MTL_ENABLE_DEBUG_INFO = NO;
				MTL_FAST_MATH = YES;
				SDKROOT = iphoneos;
				SWIFT_COMPILATION_MODE = wholemodule;
				SWIFT_OPTIMIZATION_LEVEL = "-O";
				VALIDATE_PRODUCT = YES;
			};
			name = Release;
		};
		F5D7082D251F5DDC00344AF7 /* Debug */ = {
			isa = XCBuildConfiguration;
			buildSettings = {
				ASSETCATALOG_COMPILER_APPICON_NAME = AppIcon;
				ASSETCATALOG_COMPILER_GLOBAL_ACCENT_COLOR_NAME = AccentColor;
				CODE_SIGN_STYLE = Automatic;
				DEVELOPMENT_TEAM = C2QFP8GBTN;
				INFOPLIST_FILE = labs/Info.plist;
				LD_RUNPATH_SEARCH_PATHS = (
					"$(inherited)",
					"@executable_path/Frameworks",
				);
				PRODUCT_BUNDLE_IDENTIFIER = ua.kpi.comsys.iv7312.labs;
				PRODUCT_NAME = "$(TARGET_NAME)";
				SWIFT_VERSION = 5.0;
				TARGETED_DEVICE_FAMILY = 1;
			};
			name = Debug;
		};
		F5D7082E251F5DDC00344AF7 /* Release */ = {
			isa = XCBuildConfiguration;
			buildSettings = {
				ASSETCATALOG_COMPILER_APPICON_NAME = AppIcon;
				ASSETCATALOG_COMPILER_GLOBAL_ACCENT_COLOR_NAME = AccentColor;
				CODE_SIGN_STYLE = Automatic;
				DEVELOPMENT_TEAM = C2QFP8GBTN;
				INFOPLIST_FILE = labs/Info.plist;
				LD_RUNPATH_SEARCH_PATHS = (
					"$(inherited)",
					"@executable_path/Frameworks",
				);
				PRODUCT_BUNDLE_IDENTIFIER = ua.kpi.comsys.iv7312.labs;
				PRODUCT_NAME = "$(TARGET_NAME)";
				SWIFT_VERSION = 5.0;
				TARGETED_DEVICE_FAMILY = 1;
			};
			name = Release;
		};
/* End XCBuildConfiguration section */

/* Begin XCConfigurationList section */
		F5D70813251F5DD400344AF7 /* Build configuration list for PBXProject "labs" */ = {
			isa = XCConfigurationList;
			buildConfigurations = (
				F5D7082A251F5DDC00344AF7 /* Debug */,
				F5D7082B251F5DDC00344AF7 /* Release */,
			);
			defaultConfigurationIsVisible = 0;
			defaultConfigurationName = Release;
		};
		F5D7082C251F5DDC00344AF7 /* Build configuration list for PBXNativeTarget "labs" */ = {
			isa = XCConfigurationList;
			buildConfigurations = (
				F5D7082D251F5DDC00344AF7 /* Debug */,
				F5D7082E251F5DDC00344AF7 /* Release */,
			);
			defaultConfigurationIsVisible = 0;
			defaultConfigurationName = Release;
		};
/* End XCConfigurationList section */
	};
	rootObject = F5D70810251F5DD400344AF7 /* Project object */;
}
